
Microsoft Visual Studio Solution File, Format Version 12.00
# Visual Studio Version 17
VisualStudioVersion = 17.0.32112.339
MinimumVisualStudioVersion = 10.0.40219.1
Project("{FAE04EC0-301F-11D3-BF4B-00C04F79EFBC}") = "CodingExam", "CodingExam\CodingExam.csproj", "{4E4FCB94-8CF8-4637-A729-7BAF35F71548}"
EndProject
Global
	GlobalSection(SolutionConfigurationPlatforms) = preSolution
		Debug|Any CPU = Debug|Any CPU
		Release|Any CPU = Release|Any CPU
	EndGlobalSection
	GlobalSection(ProjectConfigurationPlatforms) = postSolution
		{4E4FCB94-8CF8-4637-A729-7BAF35F71548}.Debug|Any CPU.ActiveCfg = Debug|Any CPU
		{4E4FCB94-8CF8-4637-A729-7BAF35F71548}.Debug|Any CPU.Build.0 = Debug|Any CPU
		{4E4FCB94-8CF8-4637-A729-7BAF35F71548}.Release|Any CPU.ActiveCfg = Release|Any CPU
		{4E4FCB94-8CF8-4637-A729-7BAF35F71548}.Release|Any CPU.Build.0 = Release|Any CPU
	EndGlobalSection
	GlobalSection(SolutionProperties) = preSolution
		HideSolutionNode = FALSE
	EndGlobalSection
	GlobalSection(ExtensibilityGlobals) = postSolution
		SolutionGuid = {CA596E0A-0E35-4C6D-9681-128F847FADCA}
	EndGlobalSection
EndGlobal
